
Microsoft Visual Studio Solution File, Format Version 12.00
# Visual Studio Version 17
VisualStudioVersion = 17.9.34714.143
MinimumVisualStudioVersion = 10.0.40219.1
Project("{FAE04EC0-301F-11D3-BF4B-00C04F79EFBC}") = "ConsoleApp3", "ConsoleApp3\ConsoleApp3.csproj", "{CD3D166A-DB63-40F6-AAB8-B9B762723AB8}"
EndProject
Global
	GlobalSection(SolutionConfigurationPlatforms) = preSolution
		Debug|Any CPU = Debug|Any CPU
		Release|Any CPU = Release|Any CPU
	EndGlobalSection
	GlobalSection(ProjectConfigurationPlatforms) = postSolution
		{CD3D166A-DB63-40F6-AAB8-B9B762723AB8}.Debug|Any CPU.ActiveCfg = Debug|Any CPU
		{CD3D166A-DB63-40F6-AAB8-B9B762723AB8}.Debug|Any CPU.Build.0 = Debug|Any CPU
		{CD3D166A-DB63-40F6-AAB8-B9B762723AB8}.Release|Any CPU.ActiveCfg = Release|Any CPU
		{CD3D166A-DB63-40F6-AAB8-B9B762723AB8}.Release|Any CPU.Build.0 = Release|Any CPU
	EndGlobalSection
	GlobalSection(SolutionProperties) = preSolution
		HideSolutionNode = FALSE
	EndGlobalSection
	GlobalSection(ExtensibilityGlobals) = postSolution
		SolutionGuid = {D75772D9-49A9-447B-B508-C3B72363070F}
	EndGlobalSection
EndGlobal
